
Microsoft Visual Studio Solution File, Format Version 12.00
# Visual Studio Version 16
VisualStudioVersion = 16.0.29102.190
MinimumVisualStudioVersion = 10.0.40219.1
Project("{FAE04EC0-301F-11D3-BF4B-00C04F79EFBC}") = "RefitCepSample", "RefitCepSample\RefitCepSample.csproj", "{9C257457-2796-404E-A928-4AC7D1BF0EB1}"
EndProject
Global
	GlobalSection(SolutionConfigurationPlatforms) = preSolution
		Debug|Any CPU = Debug|Any CPU
		Release|Any CPU = Release|Any CPU
	EndGlobalSection
	GlobalSection(ProjectConfigurationPlatforms) = postSolution
		{9C257457-2796-404E-A928-4AC7D1BF0EB1}.Debug|Any CPU.ActiveCfg = Debug|Any CPU
		{9C257457-2796-404E-A928-4AC7D1BF0EB1}.Debug|Any CPU.Build.0 = Debug|Any CPU
		{9C257457-2796-404E-A928-4AC7D1BF0EB1}.Release|Any CPU.ActiveCfg = Release|Any CPU
		{9C257457-2796-404E-A928-4AC7D1BF0EB1}.Release|Any CPU.Build.0 = Release|Any CPU
	EndGlobalSection
	GlobalSection(SolutionProperties) = preSolution
		HideSolutionNode = FALSE
	EndGlobalSection
	GlobalSection(ExtensibilityGlobals) = postSolution
		SolutionGuid = {8AB0C286-E4FD-43E0-9AB8-2D2662A447AD}
	EndGlobalSection
EndGlobal
